// !$*UTF8*$!
{
	archiveVersion = 1;
	classes = {
	};
	objectVersion = 50;
	objects = {

/* Begin PBXBuildFile section */
		430BCCB42301A644003B0B0E /* AppDelegate.swift in Sources */ = {isa = PBXBuildFile; fileRef = 430BCCB32301A644003B0B0E /* AppDelegate.swift */; };
		430BCCB62301A644003B0B0E /* ViewController.swift in Sources */ = {isa = PBXBuildFile; fileRef = 430BCCB52301A644003B0B0E /* ViewController.swift */; };
		430BCCB92301A644003B0B0E /* Main.storyboard in Resources */ = {isa = PBXBuildFile; fileRef = 430BCCB72301A644003B0B0E /* Main.storyboard */; };
		430BCCBB2301A646003B0B0E /* Assets.xcassets in Resources */ = {isa = PBXBuildFile; fileRef = 430BCCBA2301A646003B0B0E /* Assets.xcassets */; };
		430BCCBE2301A646003B0B0E /* LaunchScreen.storyboard in Resources */ = {isa = PBXBuildFile; fileRef = 430BCCBC2301A646003B0B0E /* LaunchScreen.storyboard */; };
		430BCCC92301A646003B0B0E /* EmojinalTests.swift in Sources */ = {isa = PBXBuildFile; fileRef = 430BCCC82301A646003B0B0E /* EmojinalTests.swift */; };
		430BCCD42301A646003B0B0E /* EmojinalUITests.swift in Sources */ = {isa = PBXBuildFile; fileRef = 430BCCD32301A646003B0B0E /* EmojinalUITests.swift */; };
/* End PBXBuildFile section */

/* Begin PBXContainerItemProxy section */
		430BCCC52301A646003B0B0E /* PBXContainerItemProxy */ = {
			isa = PBXContainerItemProxy;
			containerPortal = 430BCCA82301A644003B0B0E /* Project object */;
			proxyType = 1;
			remoteGlobalIDString = 430BCCAF2301A644003B0B0E;
			remoteInfo = Emojinal;
		};
		430BCCD02301A646003B0B0E /* PBXContainerItemProxy */ = {
			isa = PBXContainerItemProxy;
			containerPortal = 430BCCA82301A644003B0B0E /* Project object */;
			proxyType = 1;
			remoteGlobalIDString = 430BCCAF2301A644003B0B0E;
			remoteInfo = Emojinal;
		};
/* End PBXContainerItemProxy section */

/* Begin PBXFileReference section */
		430BCCB02301A644003B0B0E /* Emojinal.app */ = {isa = PBXFileReference; explicitFileType = wrapper.application; includeInIndex = 0; path = Emojinal.app; sourceTree = BUILT_PRODUCTS_DIR; };
		430BCCB32301A644003B0B0E /* AppDelegate.swift */ = {isa = PBXFileReference; lastKnownFileType = sourcecode.swift; path = AppDelegate.swift; sourceTree = "<group>"; };
		430BCCB52301A644003B0B0E /* ViewController.swift */ = {isa = PBXFileReference; lastKnownFileType = sourcecode.swift; path = ViewController.swift; sourceTree = "<group>"; };
		430BCCB82301A644003B0B0E /* Base */ = {isa = PBXFileReference; lastKnownFileType = file.storyboard; name = Base; path = Base.lproj/Main.storyboard; sourceTree = "<group>"; };
		430BCCBA2301A646003B0B0E /* Assets.xcassets */ = {isa = PBXFileReference; lastKnownFileType = folder.assetcatalog; path = Assets.xcassets; sourceTree = "<group>"; };
		430BCCBD2301A646003B0B0E /* Base */ = {isa = PBXFileReference; lastKnownFileType = file.storyboard; name = Base; path = Base.lproj/LaunchScreen.storyboard; sourceTree = "<group>"; };
		430BCCBF2301A646003B0B0E /* Info.plist */ = {isa = PBXFileReference; lastKnownFileType = text.plist.xml; path = Info.plist; sourceTree = "<group>"; };
		430BCCC42301A646003B0B0E /* EmojinalTests.xctest */ = {isa = PBXFileReference; explicitFileType = wrapper.cfbundle; includeInIndex = 0; path = EmojinalTests.xctest; sourceTree = BUILT_PRODUCTS_DIR; };
		430BCCC82301A646003B0B0E /* EmojinalTests.swift */ = {isa = PBXFileReference; lastKnownFileType = sourcecode.swift; path = EmojinalTests.swift; sourceTree = "<group>"; };
		430BCCCA2301A646003B0B0E /* Info.plist */ = {isa = PBXFileReference; lastKnownFileType = text.plist.xml; path = Info.plist; sourceTree = "<group>"; };
		430BCCCF2301A646003B0B0E /* EmojinalUITests.xctest */ = {isa = PBXFileReference; explicitFileType = wrapper.cfbundle; includeInIndex = 0; path = EmojinalUITests.xctest; sourceTree = BUILT_PRODUCTS_DIR; };
		430BCCD32301A646003B0B0E /* EmojinalUITests.swift */ = {isa = PBXFileReference; lastKnownFileType = sourcecode.swift; path = EmojinalUITests.swift; sourceTree = "<group>"; };
		430BCCD52301A646003B0B0E /* Info.plist */ = {isa = PBXFileReference; lastKnownFileType = text.plist.xml; path = Info.plist; sourceTree = "<group>"; };
/* End PBXFileReference section */

/* Begin PBXFrameworksBuildPhase section */
		430BCCAD2301A644003B0B0E /* Frameworks */ = {
			isa = PBXFrameworksBuildPhase;
			buildActionMask = 2147483647;
			files = (
			);
			runOnlyForDeploymentPostprocessing = 0;
		};
		430BCCC12301A646003B0B0E /* Frameworks */ = {
			isa = PBXFrameworksBuildPhase;
			buildActionMask = 2147483647;
			files = (
			);
			runOnlyForDeploymentPostprocessing = 0;
		};
		430BCCCC2301A646003B0B0E /* Frameworks */ = {
			isa = PBXFrameworksBuildPhase;
			buildActionMask = 2147483647;
			files = (
			);
			runOnlyForDeploymentPostprocessing = 0;
		};
/* End PBXFrameworksBuildPhase section */

/* Begin PBXGroup section */
		430BCCA72301A644003B0B0E = {
			isa = PBXGroup;
			children = (
				430BCCB22301A644003B0B0E /* Emojinal */,
				430BCCC72301A646003B0B0E /* EmojinalTests */,
				430BCCD22301A646003B0B0E /* EmojinalUITests */,
				430BCCB12301A644003B0B0E /* Products */,
			);
			sourceTree = "<group>";
		};
		430BCCB12301A644003B0B0E /* Products */ = {
			isa = PBXGroup;
			children = (
				430BCCB02301A644003B0B0E /* Emojinal.app */,
				430BCCC42301A646003B0B0E /* EmojinalTests.xctest */,
				430BCCCF2301A646003B0B0E /* EmojinalUITests.xctest */,
			);
			name = Products;
			sourceTree = "<group>";
		};
		430BCCB22301A644003B0B0E /* Emojinal */ = {
			isa = PBXGroup;
			children = (
				430BCCB32301A644003B0B0E /* AppDelegate.swift */,
				430BCCB52301A644003B0B0E /* ViewController.swift */,
				430BCCB72301A644003B0B0E /* Main.storyboard */,
				430BCCBA2301A646003B0B0E /* Assets.xcassets */,
				430BCCBC2301A646003B0B0E /* LaunchScreen.storyboard */,
				430BCCBF2301A646003B0B0E /* Info.plist */,
			);
			path = Emojinal;
			sourceTree = "<group>";
		};
		430BCCC72301A646003B0B0E /* EmojinalTests */ = {
			isa = PBXGroup;
			children = (
				430BCCC82301A646003B0B0E /* EmojinalTests.swift */,
				430BCCCA2301A646003B0B0E /* Info.plist */,
			);
			path = EmojinalTests;
			sourceTree = "<group>";
		};
		430BCCD22301A646003B0B0E /* EmojinalUITests */ = {
			isa = PBXGroup;
			children = (
				430BCCD32301A646003B0B0E /* EmojinalUITests.swift */,
				430BCCD52301A646003B0B0E /* Info.plist */,
			);
			path = EmojinalUITests;
			sourceTree = "<group>";
		};
/* End PBXGroup section */

/* Begin PBXNativeTarget section */
		430BCCAF2301A644003B0B0E /* Emojinal */ = {
			isa = PBXNativeTarget;
			buildConfigurationList = 430BCCD82301A646003B0B0E /* Build configuration list for PBXNativeTarget "Emojinal" */;
			buildPhases = (
				430BCCAC2301A644003B0B0E /* Sources */,
				430BCCAD2301A644003B0B0E /* Frameworks */,
				430BCCAE2301A644003B0B0E /* Resources */,
			);
			buildRules = (
			);
			dependencies = (
			);
			name = Emojinal;
			productName = Emojinal;
			productReference = 430BCCB02301A644003B0B0E /* Emojinal.app */;
			productType = "com.apple.product-type.application";
		};
		430BCCC32301A646003B0B0E /* EmojinalTests */ = {
			isa = PBXNativeTarget;
			buildConfigurationList = 430BCCDB2301A646003B0B0E /* Build configuration list for PBXNativeTarget "EmojinalTests" */;
			buildPhases = (
				430BCCC02301A646003B0B0E /* Sources */,
				430BCCC12301A646003B0B0E /* Frameworks */,
				430BCCC22301A646003B0B0E /* Resources */,
			);
			buildRules = (
			);
			dependencies = (
				430BCCC62301A646003B0B0E /* PBXTargetDependency */,
			);
			name = EmojinalTests;
			productName = EmojinalTests;
			productReference = 430BCCC42301A646003B0B0E /* EmojinalTests.xctest */;
			productType = "com.apple.product-type.bundle.unit-test";
		};
		430BCCCE2301A646003B0B0E /* EmojinalUITests */ = {
			isa = PBXNativeTarget;
			buildConfigurationList = 430BCCDE2301A646003B0B0E /* Build configuration list for PBXNativeTarget "EmojinalUITests" */;
			buildPhases = (
				430BCCCB2301A646003B0B0E /* Sources */,
				430BCCCC2301A646003B0B0E /* Frameworks */,
				430BCCCD2301A646003B0B0E /* Resources */,
			);
			buildRules = (
			);
			dependencies = (
				430BCCD12301A646003B0B0E /* PBXTargetDependency */,
			);
			name = EmojinalUITests;
			productName = EmojinalUITests;
			productReference = 430BCCCF2301A646003B0B0E /* EmojinalUITests.xctest */;
			productType = "com.apple.product-type.bundle.ui-testing";
		};
/* End PBXNativeTarget section */

/* Begin PBXProject section */
		430BCCA82301A644003B0B0E /* Project object */ = {
			isa = PBXProject;
			attributes = {
				LastSwiftUpdateCheck = 1020;
				LastUpgradeCheck = 1020;
				ORGANIZATIONNAME = "Olukanyinsola(Esther)";
				TargetAttributes = {
					430BCCAF2301A644003B0B0E = {
						CreatedOnToolsVersion = 10.2.1;
					};
					430BCCC32301A646003B0B0E = {
						CreatedOnToolsVersion = 10.2.1;
						TestTargetID = 430BCCAF2301A644003B0B0E;
					};
					430BCCCE2301A646003B0B0E = {
						CreatedOnToolsVersion = 10.2.1;
						TestTargetID = 430BCCAF2301A644003B0B0E;
					};
				};
			};
			buildConfigurationList = 430BCCAB2301A644003B0B0E /* Build configuration list for PBXProject "Emojinal" */;
			compatibilityVersion = "Xcode 9.3";
			developmentRegion = en;
			hasScannedForEncodings = 0;
			knownRegions = (
				en,
				Base,
			);
			mainGroup = 430BCCA72301A644003B0B0E;
			productRefGroup = 430BCCB12301A644003B0B0E /* Products */;
			projectDirPath = "";
			projectRoot = "";
			targets = (
				430BCCAF2301A644003B0B0E /* Emojinal */,
				430BCCC32301A646003B0B0E /* EmojinalTests */,
				430BCCCE2301A646003B0B0E /* EmojinalUITests */,
			);
		};
/* End PBXProject section */

/* Begin PBXResourcesBuildPhase section */
		430BCCAE2301A644003B0B0E /* Resources */ = {
			isa = PBXResourcesBuildPhase;
			buildActionMask = 2147483647;
			files = (
				430BCCBE2301A646003B0B0E /* LaunchScreen.storyboard in Resources */,
				430BCCBB2301A646003B0B0E /* Assets.xcassets in Resources */,
				430BCCB92301A644003B0B0E /* Main.storyboard in Resources */,
			);
			runOnlyForDeploymentPostprocessing = 0;
		};
		430BCCC22301A646003B0B0E /* Resources */ = {
			isa = PBXResourcesBuildPhase;
			buildActionMask = 2147483647;
			files = (
			);
			runOnlyForDeploymentPostprocessing = 0;
		};
		430BCCCD2301A646003B0B0E /* Resources */ = {
			isa = PBXResourcesBuildPhase;
			buildActionMask = 2147483647;
			files = (
			);
			runOnlyForDeploymentPostprocessing = 0;
		};
/* End PBXResourcesBuildPhase section */

/* Begin PBXSourcesBuildPhase section */
		430BCCAC2301A644003B0B0E /* Sources */ = {
			isa = PBXSourcesBuildPhase;
			buildActionMask = 2147483647;
			files = (
				430BCCB62301A644003B0B0E /* ViewController.swift in Sources */,
				430BCCB42301A644003B0B0E /* AppDelegate.swift in Sources */,
			);
			runOnlyForDeploymentPostprocessing = 0;
		};
		430BCCC02301A646003B0B0E /* Sources */ = {
			isa = PBXSourcesBuildPhase;
			buildActionMask = 2147483647;
			files = (
				430BCCC92301A646003B0B0E /* EmojinalTests.swift in Sources */,
			);
			runOnlyForDeploymentPostprocessing = 0;
		};
		430BCCCB2301A646003B0B0E /* Sources */ = {
			isa = PBXSourcesBuildPhase;
			buildActionMask = 2147483647;
			files = (
				430BCCD42301A646003B0B0E /* EmojinalUITests.swift in Sources */,
			);
			runOnlyForDeploymentPostprocessing = 0;
		};
/* End PBXSourcesBuildPhase section */

/* Begin PBXTargetDependency section */
		430BCCC62301A646003B0B0E /* PBXTargetDependency */ = {
			isa = PBXTargetDependency;
			target = 430BCCAF2301A644003B0B0E /* Emojinal */;
			targetProxy = 430BCCC52301A646003B0B0E /* PBXContainerItemProxy */;
		};
		430BCCD12301A646003B0B0E /* PBXTargetDependency */ = {
			isa = PBXTargetDependency;
			target = 430BCCAF2301A644003B0B0E /* Emojinal */;
			targetProxy = 430BCCD02301A646003B0B0E /* PBXContainerItemProxy */;
		};
/* End PBXTargetDependency section */

/* Begin PBXVariantGroup section */
		430BCCB72301A644003B0B0E /* Main.storyboard */ = {
			isa = PBXVariantGroup;
			children = (
				430BCCB82301A644003B0B0E /* Base */,
			);
			name = Main.storyboard;
			sourceTree = "<group>";
		};
		430BCCBC2301A646003B0B0E /* LaunchScreen.storyboard */ = {
			isa = PBXVariantGroup;
			children = (
				430BCCBD2301A646003B0B0E /* Base */,
			);
			name = LaunchScreen.storyboard;
			sourceTree = "<group>";
		};
/* End PBXVariantGroup section */

/* Begin XCBuildConfiguration section */
		430BCCD62301A646003B0B0E /* Debug */ = {
			isa = XCBuildConfiguration;
			buildSettings = {
				ALWAYS_SEARCH_USER_PATHS = NO;
				CLANG_ANALYZER_NONNULL = YES;
				CLANG_ANALYZER_NUMBER_OBJECT_CONVERSION = YES_AGGRESSIVE;
				CLANG_CXX_LANGUAGE_STANDARD = "gnu++14";
				CLANG_CXX_LIBRARY = "libc++";
				CLANG_ENABLE_MODULES = YES;
				CLANG_ENABLE_OBJC_ARC = YES;
				CLANG_ENABLE_OBJC_WEAK = YES;
				CLANG_WARN_BLOCK_CAPTURE_AUTORELEASING = YES;
				CLANG_WARN_BOOL_CONVERSION = YES;
				CLANG_WARN_COMMA = YES;
				CLANG_WARN_CONSTANT_CONVERSION = YES;
				CLANG_WARN_DEPRECATED_OBJC_IMPLEMENTATIONS = YES;
				CLANG_WARN_DIRECT_OBJC_ISA_USAGE = YES_ERROR;
				CLANG_WARN_DOCUMENTATION_COMMENTS = YES;
				CLANG_WARN_EMPTY_BODY = YES;
				CLANG_WARN_ENUM_CONVERSION = YES;
				CLANG_WARN_INFINITE_RECURSION = YES;
				CLANG_WARN_INT_CONVERSION = YES;
				CLANG_WARN_NON_LITERAL_NULL_CONVERSION = YES;
				CLANG_WARN_OBJC_IMPLICIT_RETAIN_SELF = YES;
				CLANG_WARN_OBJC_LITERAL_CONVERSION = YES;
				CLANG_WARN_OBJC_ROOT_CLASS = YES_ERROR;
				CLANG_WARN_RANGE_LOOP_ANALYSIS = YES;
				CLANG_WARN_STRICT_PROTOTYPES = YES;
				CLANG_WARN_SUSPICIOUS_MOVE = YES;
				CLANG_WARN_UNGUARDED_AVAILABILITY = YES_AGGRESSIVE;
				CLANG_WARN_UNREACHABLE_CODE = YES;
				CLANG_WARN__DUPLICATE_METHOD_MATCH = YES;
				CODE_SIGN_IDENTITY = "iPhone Developer";
				COPY_PHASE_STRIP = NO;
				DEBUG_INFORMATION_FORMAT = dwarf;
				ENABLE_STRICT_OBJC_MSGSEND = YES;
				ENABLE_TESTABILITY = YES;
				GCC_C_LANGUAGE_STANDARD = gnu11;
				GCC_DYNAMIC_NO_PIC = NO;
				GCC_NO_COMMON_BLOCKS = YES;
				GCC_OPTIMIZATION_LEVEL = 0;
				GCC_PREPROCESSOR_DEFINITIONS = (
					"DEBUG=1",
					"$(inherited)",
				);
				GCC_WARN_64_TO_32_BIT_CONVERSION = YES;
				GCC_WARN_ABOUT_RETURN_TYPE = YES_ERROR;
				GCC_WARN_UNDECLARED_SELECTOR = YES;
				GCC_WARN_UNINITIALIZED_AUTOS = YES_AGGRESSIVE;
				GCC_WARN_UNUSED_FUNCTION = YES;
				GCC_WARN_UNUSED_VARIABLE = YES;
				IPHONEOS_DEPLOYMENT_TARGET = 12.2;
				MTL_ENABLE_DEBUG_INFO = INCLUDE_SOURCE;
				MTL_FAST_MATH = YES;
				ONLY_ACTIVE_ARCH = YES;
				SDKROOT = iphoneos;
				SWIFT_ACTIVE_COMPILATION_CONDITIONS = DEBUG;
				SWIFT_OPTIMIZATION_LEVEL = "-Onone";
			};
			name = Debug;
		};
		430BCCD72301A646003B0B0E /* Release */ = {
			isa = XCBuildConfiguration;
			buildSettings = {
				ALWAYS_SEARCH_USER_PATHS = NO;
				CLANG_ANALYZER_NONNULL = YES;
				CLANG_ANALYZER_NUMBER_OBJECT_CONVERSION = YES_AGGRESSIVE;
				CLANG_CXX_LANGUAGE_STANDARD = "gnu++14";
				CLANG_CXX_LIBRARY = "libc++";
				CLANG_ENABLE_MODULES = YES;
				CLANG_ENABLE_OBJC_ARC = YES;
				CLANG_ENABLE_OBJC_WEAK = YES;
				CLANG_WARN_BLOCK_CAPTURE_AUTORELEASING = YES;
				CLANG_WARN_BOOL_CONVERSION = YES;
				CLANG_WARN_COMMA = YES;
				CLANG_WARN_CONSTANT_CONVERSION = YES;
				CLANG_WARN_DEPRECATED_OBJC_IMPLEMENTATIONS = YES;
				CLANG_WARN_DIRECT_OBJC_ISA_USAGE = YES_ERROR;
				CLANG_WARN_DOCUMENTATION_COMMENTS = YES;
				CLANG_WARN_EMPTY_BODY = YES;
				CLANG_WARN_ENUM_CONVERSION = YES;
				CLANG_WARN_INFINITE_RECURSION = YES;
				CLANG_WARN_INT_CONVERSION = YES;
				CLANG_WARN_NON_LITERAL_NULL_CONVERSION = YES;
				CLANG_WARN_OBJC_IMPLICIT_RETAIN_SELF = YES;
				CLANG_WARN_OBJC_LITERAL_CONVERSION = YES;
				CLANG_WARN_OBJC_ROOT_CLASS = YES_ERROR;
				CLANG_WARN_RANGE_LOOP_ANALYSIS = YES;
				CLANG_WARN_STRICT_PROTOTYPES = YES;
				CLANG_WARN_SUSPICIOUS_MOVE = YES;
				CLANG_WARN_UNGUARDED_AVAILABILITY = YES_AGGRESSIVE;
				CLANG_WARN_UNREACHABLE_CODE = YES;
				CLANG_WARN__DUPLICATE_METHOD_MATCH = YES;
				CODE_SIGN_IDENTITY = "iPhone Developer";
				COPY_PHASE_STRIP = NO;
				DEBUG_INFORMATION_FORMAT = "dwarf-with-dsym";
				ENABLE_NS_ASSERTIONS = NO;
				ENABLE_STRICT_OBJC_MSGSEND = YES;
				GCC_C_LANGUAGE_STANDARD = gnu11;
				GCC_NO_COMMON_BLOCKS = YES;
				GCC_WARN_64_TO_32_BIT_CONVERSION = YES;
				GCC_WARN_ABOUT_RETURN_TYPE = YES_ERROR;
				GCC_WARN_UNDECLARED_SELECTOR = YES;
				GCC_WARN_UNINITIALIZED_AUTOS = YES_AGGRESSIVE;
				GCC_WARN_UNUSED_FUNCTION = YES;
				GCC_WARN_UNUSED_VARIABLE = YES;
				IPHONEOS_DEPLOYMENT_TARGET = 12.2;
				MTL_ENABLE_DEBUG_INFO = NO;
				MTL_FAST_MATH = YES;
				SDKROOT = iphoneos;
				SWIFT_COMPILATION_MODE = wholemodule;
				SWIFT_OPTIMIZATION_LEVEL = "-O";
				VALIDATE_PRODUCT = YES;
			};
			name = Release;
		};
		430BCCD92301A646003B0B0E /* Debug */ = {
			isa = XCBuildConfiguration;
			buildSettings = {
				ASSETCATALOG_COMPILER_APPICON_NAME = AppIcon;
				CODE_SIGN_STYLE = Automatic;
				INFOPLIST_FILE = Emojinal/Info.plist;
				LD_RUNPATH_SEARCH_PATHS = (
					"$(inherited)",
					"@executable_path/Frameworks",
				);
				PRODUCT_BUNDLE_IDENTIFIER = KWK.Emojinal;
				PRODUCT_NAME = "$(TARGET_NAME)";
				SWIFT_VERSION = 5.0;
				TARGETED_DEVICE_FAMILY = "1,2";
			};
			name = Debug;
		};
		430BCCDA2301A646003B0B0E /* Release */ = {
			isa = XCBuildConfiguration;
			buildSettings = {
				ASSETCATALOG_COMPILER_APPICON_NAME = AppIcon;
				CODE_SIGN_STYLE = Automatic;
				INFOPLIST_FILE = Emojinal/Info.plist;
				LD_RUNPATH_SEARCH_PATHS = (
					"$(inherited)",
					"@executable_path/Frameworks",
				);
				PRODUCT_BUNDLE_IDENTIFIER = KWK.Emojinal;
				PRODUCT_NAME = "$(TARGET_NAME)";
				SWIFT_VERSION = 5.0;
				TARGETED_DEVICE_FAMILY = "1,2";
			};
			name = Release;
		};
		430BCCDC2301A646003B0B0E /* Debug */ = {
			isa = XCBuildConfiguration;
			buildSettings = {
				ALWAYS_EMBED_SWIFT_STANDARD_LIBRARIES = YES;
				BUNDLE_LOADER = "$(TEST_HOST)";
				CODE_SIGN_STYLE = Automatic;
				INFOPLIST_FILE = EmojinalTests/Info.plist;
				LD_RUNPATH_SEARCH_PATHS = (
					"$(inherited)",
					"@executable_path/Frameworks",
					"@loader_path/Frameworks",
				);
				PRODUCT_BUNDLE_IDENTIFIER = KWK.EmojinalTests;
				PRODUCT_NAME = "$(TARGET_NAME)";
				SWIFT_VERSION = 5.0;
				TARGETED_DEVICE_FAMILY = "1,2";
				TEST_HOST = "$(BUILT_PRODUCTS_DIR)/Emojinal.app/Emojinal";
			};
			name = Debug;
		};
		430BCCDD2301A646003B0B0E /* Release */ = {
			isa = XCBuildConfiguration;
			buildSettings = {
				ALWAYS_EMBED_SWIFT_STANDARD_LIBRARIES = YES;
				BUNDLE_LOADER = "$(TEST_HOST)";
				CODE_SIGN_STYLE = Automatic;
				INFOPLIST_FILE = EmojinalTests/Info.plist;
				LD_RUNPATH_SEARCH_PATHS = (
					"$(inherited)",
					"@executable_path/Frameworks",
					"@loader_path/Frameworks",
				);
				PRODUCT_BUNDLE_IDENTIFIER = KWK.EmojinalTests;
				PRODUCT_NAME = "$(TARGET_NAME)";
				SWIFT_VERSION = 5.0;
				TARGETED_DEVICE_FAMILY = "1,2";
				TEST_HOST = "$(BUILT_PRODUCTS_DIR)/Emojinal.app/Emojinal";
			};
			name = Release;
		};
		430BCCDF2301A646003B0B0E /* Debug */ = {
			isa = XCBuildConfiguration;
			buildSettings = {
				ALWAYS_EMBED_SWIFT_STANDARD_LIBRARIES = YES;
				CODE_SIGN_STYLE = Automatic;
				INFOPLIST_FILE = EmojinalUITests/Info.plist;
				LD_RUNPATH_SEARCH_PATHS = (
					"$(inherited)",
					"@executable_path/Frameworks",
					"@loader_path/Frameworks",
				);
				PRODUCT_BUNDLE_IDENTIFIER = KWK.EmojinalUITests;
				PRODUCT_NAME = "$(TARGET_NAME)";
				SWIFT_VERSION = 5.0;
				TARGETED_DEVICE_FAMILY = "1,2";
				TEST_TARGET_NAME = Emojinal;
			};
			name = Debug;
		};
		430BCCE02301A646003B0B0E /* Release */ = {
			isa = XCBuildConfiguration;
			buildSettings = {
				ALWAYS_EMBED_SWIFT_STANDARD_LIBRARIES = YES;
				CODE_SIGN_STYLE = Automatic;
				INFOPLIST_FILE = EmojinalUITests/Info.plist;
				LD_RUNPATH_SEARCH_PATHS = (
					"$(inherited)",
					"@executable_path/Frameworks",
					"@loader_path/Frameworks",
				);
				PRODUCT_BUNDLE_IDENTIFIER = KWK.EmojinalUITests;
				PRODUCT_NAME = "$(TARGET_NAME)";
				SWIFT_VERSION = 5.0;
				TARGETED_DEVICE_FAMILY = "1,2";
				TEST_TARGET_NAME = Emojinal;
			};
			name = Release;
		};
/* End XCBuildConfiguration section */

/* Begin XCConfigurationList section */
		430BCCAB2301A644003B0B0E /* Build configuration list for PBXProject "Emojinal" */ = {
			isa = XCConfigurationList;
			buildConfigurations = (
				430BCCD62301A646003B0B0E /* Debug */,
				430BCCD72301A646003B0B0E /* Release */,
			);
			defaultConfigurationIsVisible = 0;
			defaultConfigurationName = Release;
		};
		430BCCD82301A646003B0B0E /* Build configuration list for PBXNativeTarget "Emojinal" */ = {
			isa = XCConfigurationList;
			buildConfigurations = (
				430BCCD92301A646003B0B0E /* Debug */,
				430BCCDA2301A646003B0B0E /* Release */,
			);
			defaultConfigurationIsVisible = 0;
			defaultConfigurationName = Release;
		};
		430BCCDB2301A646003B0B0E /* Build configuration list for PBXNativeTarget "EmojinalTests" */ = {
			isa = XCConfigurationList;
			buildConfigurations = (
				430BCCDC2301A646003B0B0E /* Debug */,
				430BCCDD2301A646003B0B0E /* Release */,
			);
			defaultConfigurationIsVisible = 0;
			defaultConfigurationName = Release;
		};
		430BCCDE2301A646003B0B0E /* Build configuration list for PBXNativeTarget "EmojinalUITests" */ = {
			isa = XCConfigurationList;
			buildConfigurations = (
				430BCCDF2301A646003B0B0E /* Debug */,
				430BCCE02301A646003B0B0E /* Release */,
			);
			defaultConfigurationIsVisible = 0;
			defaultConfigurationName = Release;
		};
/* End XCConfigurationList section */
	};
	rootObject = 430BCCA82301A644003B0B0E /* Project object */;
}
